<?xml version="1.0" encoding="UTF-8"?>
<Scheme
   version = "1.3">
   <BuildAction>
      <BuildActionEntries>
         <BuildActionEntry
            buildForRunning = "YES">
            <BuildableReference
               BuildableIdentifier = "primary"
               BlueprintIdentifier = "84D8E4BC253CD00A00E0398A"
               BuildableName = "iOS-No_To_Garbage.app"
               BlueprintName = "iOS-No_To_Garbage"
               ReferencedContainer = "container:iOS-No_To_Garbage.xcodeproj">
            </BuildableReference>
         </BuildActionEntry>
      </BuildActionEntries>
   </BuildAction>
   <LaunchAction
      useCustomWorkingDirectory = "NO"
      buildConfiguration = "Debug"
      allowLocationSimulation = "YES">
      <BuildableProductRunnable>
         <BuildableReference
            BuildableIdentifier = "primary"
            BlueprintIdentifier = "84D8E4BC253CD00A00E0398A"
            BuildableName = "iOS-No_To_Garbage.app"
            BlueprintName = "iOS-No_To_Garbage"
            ReferencedContainer = "container:iOS-No_To_Garbage.xcodeproj">
         </BuildableReference>
      </BuildableProductRunnable>
   </LaunchAction>
</Scheme>
