// !$*UTF8*$!
{
	archiveVersion = 1;
	classes = {
	};
	objectVersion = 52;
	objects = {

/* Begin PBXBuildFile section */
		8406B60525782D5900E110AE /* SunburstDiagram in Frameworks */ = {isa = PBXBuildFile; productRef = 8406B60425782D5900E110AE /* SunburstDiagram */; };
		840E32502567105B002B2DBF /* CategoryOther.swift in Sources */ = {isa = PBXBuildFile; fileRef = 840E324F2567105B002B2DBF /* CategoryOther.swift */; };
		840E3257256713CE002B2DBF /* AddGarbage.swift in Sources */ = {isa = PBXBuildFile; fileRef = 840E3256256713CE002B2DBF /* AddGarbage.swift */; };
		8410ADCD25A1275000928AA8 /* AllGarbageMap.swift in Sources */ = {isa = PBXBuildFile; fileRef = 8410ADCC25A1275000928AA8 /* AllGarbageMap.swift */; };
		841C9604257977C700ACF671 /* SwiftUICharts in Frameworks */ = {isa = PBXBuildFile; productRef = 841C9603257977C700ACF671 /* SwiftUICharts */; };
		847A711C259286E7006E8AA7 /* getStatistics.swift in Sources */ = {isa = PBXBuildFile; fileRef = 847A711B259286E7006E8AA7 /* getStatistics.swift */; };
		849117A32549D3680008F977 /* GetProfileInfo.swift in Sources */ = {isa = PBXBuildFile; fileRef = 849117A22549D3680008F977 /* GetProfileInfo.swift */; };
		849117A72549D9F30008F977 /* SignIn.swift in Sources */ = {isa = PBXBuildFile; fileRef = 849117A62549D9F30008F977 /* SignIn.swift */; };
		84CA150E255B29FC00E71E9F /* SignUp.swift in Sources */ = {isa = PBXBuildFile; fileRef = 84CA150D255B29FC00E71E9F /* SignUp.swift */; };
		84D8E4C1253CD00A00E0398A /* AppDelegate.swift in Sources */ = {isa = PBXBuildFile; fileRef = 84D8E4C0253CD00A00E0398A /* AppDelegate.swift */; };
		84D8E4C3253CD00A00E0398A /* SceneDelegate.swift in Sources */ = {isa = PBXBuildFile; fileRef = 84D8E4C2253CD00A00E0398A /* SceneDelegate.swift */; };
		84D8E4C5253CD00A00E0398A /* ContentView.swift in Sources */ = {isa = PBXBuildFile; fileRef = 84D8E4C4253CD00A00E0398A /* ContentView.swift */; };
		84D8E4C8253CD00A00E0398A /* iOS_No_To_Garbage.xcdatamodeld in Sources */ = {isa = PBXBuildFile; fileRef = 84D8E4C6253CD00A00E0398A /* iOS_No_To_Garbage.xcdatamodeld */; };
		84D8E4CA253CD00B00E0398A /* Assets.xcassets in Resources */ = {isa = PBXBuildFile; fileRef = 84D8E4C9253CD00B00E0398A /* Assets.xcassets */; };
		84D8E4CD253CD00B00E0398A /* Preview Assets.xcassets in Resources */ = {isa = PBXBuildFile; fileRef = 84D8E4CC253CD00B00E0398A /* Preview Assets.xcassets */; };
		84D8E4D0253CD00B00E0398A /* LaunchScreen.storyboard in Resources */ = {isa = PBXBuildFile; fileRef = 84D8E4CE253CD00B00E0398A /* LaunchScreen.storyboard */; };
		84D8E4DC253CD48B00E0398A /* MapView.swift in Sources */ = {isa = PBXBuildFile; fileRef = 84D8E4DB253CD48B00E0398A /* MapView.swift */; };
		84D8E4E0253CD79B00E0398A /* CircleImage.swift in Sources */ = {isa = PBXBuildFile; fileRef = 84D8E4DF253CD79B00E0398A /* CircleImage.swift */; };
		84D8E4E3253CDAAA00E0398A /* GarbageDetail.swift in Sources */ = {isa = PBXBuildFile; fileRef = 84D8E4E2253CDAAA00E0398A /* GarbageDetail.swift */; };
		84D8E4E6253CDC5900E0398A /* GarbageRow.swift in Sources */ = {isa = PBXBuildFile; fileRef = 84D8E4E5253CDC5900E0398A /* GarbageRow.swift */; };
		84D8E4E9253CE9FD00E0398A /* GarbageList.swift in Sources */ = {isa = PBXBuildFile; fileRef = 84D8E4E8253CE9FD00E0398A /* GarbageList.swift */; };
		84F85547253DDB1D0037E5D0 /* GetMapInfo.swift in Sources */ = {isa = PBXBuildFile; fileRef = 84F85546253DDB1D0037E5D0 /* GetMapInfo.swift */; };
		84F8554B253DDB2D0037E5D0 /* GetGarbageInfo.swift in Sources */ = {isa = PBXBuildFile; fileRef = 84F8554A253DDB2D0037E5D0 /* GetGarbageInfo.swift */; };
		84F8554E253DDE290037E5D0 /* GoogleService-Info.plist in Resources */ = {isa = PBXBuildFile; fileRef = 84F8554D253DDE290037E5D0 /* GoogleService-Info.plist */; };
		84FCEBA42548B26100A6564B /* CategoryRow.swift in Sources */ = {isa = PBXBuildFile; fileRef = 84FCEBA32548B26100A6564B /* CategoryRow.swift */; };
		84FCEBA72548B80E00A6564B /* Home.swift in Sources */ = {isa = PBXBuildFile; fileRef = 84FCEBA62548B80E00A6564B /* Home.swift */; };
		84FCEBB02548BEFD00A6564B /* ProfileHost.swift in Sources */ = {isa = PBXBuildFile; fileRef = 84FCEBAF2548BEFD00A6564B /* ProfileHost.swift */; };
		84FDFB8C257429F5000B1F67 /* AddgarbageToBase.swift in Sources */ = {isa = PBXBuildFile; fileRef = 84FDFB8B257429F5000B1F67 /* AddgarbageToBase.swift */; };
		84FF81C9257828C900DE8A7C /* Statistics.swift in Sources */ = {isa = PBXBuildFile; fileRef = 84FF81C8257828C900DE8A7C /* Statistics.swift */; };
		E5921D452514D54D955831EA /* Pods_iOS_No_To_Garbage.framework in Frameworks */ = {isa = PBXBuildFile; fileRef = A468EAEBA5D77A9CFDF6ED8D /* Pods_iOS_No_To_Garbage.framework */; };
/* End PBXBuildFile section */

/* Begin PBXFileReference section */
		0ADE1C54C043E2A894214567 /* Pods-iOS-No_To_Garbage.debug.xcconfig */ = {isa = PBXFileReference; includeInIndex = 1; lastKnownFileType = text.xcconfig; name = "Pods-iOS-No_To_Garbage.debug.xcconfig"; path = "Target Support Files/Pods-iOS-No_To_Garbage/Pods-iOS-No_To_Garbage.debug.xcconfig"; sourceTree = "<group>"; };
		668BEED6F82631ACA65182CB /* Pods-iOS-No_To_Garbage.release.xcconfig */ = {isa = PBXFileReference; includeInIndex = 1; lastKnownFileType = text.xcconfig; name = "Pods-iOS-No_To_Garbage.release.xcconfig"; path = "Target Support Files/Pods-iOS-No_To_Garbage/Pods-iOS-No_To_Garbage.release.xcconfig"; sourceTree = "<group>"; };
		840E324F2567105B002B2DBF /* CategoryOther.swift */ = {isa = PBXFileReference; lastKnownFileType = sourcecode.swift; path = CategoryOther.swift; sourceTree = "<group>"; };
		840E3256256713CE002B2DBF /* AddGarbage.swift */ = {isa = PBXFileReference; lastKnownFileType = sourcecode.swift; path = AddGarbage.swift; sourceTree = "<group>"; };
		8410ADCC25A1275000928AA8 /* AllGarbageMap.swift */ = {isa = PBXFileReference; lastKnownFileType = sourcecode.swift; path = AllGarbageMap.swift; sourceTree = "<group>"; };
		847A711B259286E7006E8AA7 /* getStatistics.swift */ = {isa = PBXFileReference; lastKnownFileType = sourcecode.swift; path = getStatistics.swift; sourceTree = "<group>"; };
		849117A22549D3680008F977 /* GetProfileInfo.swift */ = {isa = PBXFileReference; lastKnownFileType = sourcecode.swift; path = GetProfileInfo.swift; sourceTree = "<group>"; };
		849117A62549D9F30008F977 /* SignIn.swift */ = {isa = PBXFileReference; lastKnownFileType = sourcecode.swift; path = SignIn.swift; sourceTree = "<group>"; };
		84CA150D255B29FC00E71E9F /* SignUp.swift */ = {isa = PBXFileReference; lastKnownFileType = sourcecode.swift; path = SignUp.swift; sourceTree = "<group>"; };
		84D8E4BD253CD00A00E0398A /* iOS-No_To_Garbage.app */ = {isa = PBXFileReference; explicitFileType = wrapper.application; includeInIndex = 0; path = "iOS-No_To_Garbage.app"; sourceTree = BUILT_PRODUCTS_DIR; };
		84D8E4C0253CD00A00E0398A /* AppDelegate.swift */ = {isa = PBXFileReference; lastKnownFileType = sourcecode.swift; path = AppDelegate.swift; sourceTree = "<group>"; };
		84D8E4C2253CD00A00E0398A /* SceneDelegate.swift */ = {isa = PBXFileReference; lastKnownFileType = sourcecode.swift; path = SceneDelegate.swift; sourceTree = "<group>"; };
		84D8E4C4253CD00A00E0398A /* ContentView.swift */ = {isa = PBXFileReference; lastKnownFileType = sourcecode.swift; path = ContentView.swift; sourceTree = "<group>"; };
		84D8E4C7253CD00A00E0398A /* iOS_No_To_Garbage.xcdatamodel */ = {isa = PBXFileReference; lastKnownFileType = wrapper.xcdatamodel; path = iOS_No_To_Garbage.xcdatamodel; sourceTree = "<group>"; };
		84D8E4C9253CD00B00E0398A /* Assets.xcassets */ = {isa = PBXFileReference; lastKnownFileType = folder.assetcatalog; path = Assets.xcassets; sourceTree = "<group>"; };
		84D8E4CC253CD00B00E0398A /* Preview Assets.xcassets */ = {isa = PBXFileReference; lastKnownFileType = folder.assetcatalog; path = "Preview Assets.xcassets"; sourceTree = "<group>"; };
		84D8E4CF253CD00B00E0398A /* Base */ = {isa = PBXFileReference; lastKnownFileType = file.storyboard; name = Base; path = Base.lproj/LaunchScreen.storyboard; sourceTree = "<group>"; };
		84D8E4D1253CD00B00E0398A /* Info.plist */ = {isa = PBXFileReference; lastKnownFileType = text.plist.xml; path = Info.plist; sourceTree = "<group>"; };
		84D8E4DB253CD48B00E0398A /* MapView.swift */ = {isa = PBXFileReference; lastKnownFileType = sourcecode.swift; path = MapView.swift; sourceTree = "<group>"; };
		84D8E4DF253CD79B00E0398A /* CircleImage.swift */ = {isa = PBXFileReference; lastKnownFileType = sourcecode.swift; path = CircleImage.swift; sourceTree = "<group>"; };
		84D8E4E2253CDAAA00E0398A /* GarbageDetail.swift */ = {isa = PBXFileReference; lastKnownFileType = sourcecode.swift; path = GarbageDetail.swift; sourceTree = "<group>"; };
		84D8E4E5253CDC5900E0398A /* GarbageRow.swift */ = {isa = PBXFileReference; lastKnownFileType = sourcecode.swift; path = GarbageRow.swift; sourceTree = "<group>"; };
		84D8E4E8253CE9FD00E0398A /* GarbageList.swift */ = {isa = PBXFileReference; lastKnownFileType = sourcecode.swift; path = GarbageList.swift; sourceTree = "<group>"; };
		84F85546253DDB1D0037E5D0 /* GetMapInfo.swift */ = {isa = PBXFileReference; lastKnownFileType = sourcecode.swift; path = GetMapInfo.swift; sourceTree = "<group>"; };
		84F8554A253DDB2D0037E5D0 /* GetGarbageInfo.swift */ = {isa = PBXFileReference; lastKnownFileType = sourcecode.swift; path = GetGarbageInfo.swift; sourceTree = "<group>"; };
		84F8554D253DDE290037E5D0 /* GoogleService-Info.plist */ = {isa = PBXFileReference; fileEncoding = 4; lastKnownFileType = text.plist.xml; path = "GoogleService-Info.plist"; sourceTree = "<group>"; };
		84FCEBA32548B26100A6564B /* CategoryRow.swift */ = {isa = PBXFileReference; lastKnownFileType = sourcecode.swift; path = CategoryRow.swift; sourceTree = "<group>"; };
		84FCEBA62548B80E00A6564B /* Home.swift */ = {isa = PBXFileReference; lastKnownFileType = sourcecode.swift; path = Home.swift; sourceTree = "<group>"; };
		84FCEBAF2548BEFD00A6564B /* ProfileHost.swift */ = {isa = PBXFileReference; lastKnownFileType = sourcecode.swift; path = ProfileHost.swift; sourceTree = "<group>"; };
		84FDFB8B257429F5000B1F67 /* AddgarbageToBase.swift */ = {isa = PBXFileReference; lastKnownFileType = sourcecode.swift; path = AddgarbageToBase.swift; sourceTree = "<group>"; };
		84FF81C8257828C900DE8A7C /* Statistics.swift */ = {isa = PBXFileReference; lastKnownFileType = sourcecode.swift; path = Statistics.swift; sourceTree = "<group>"; };
		A468EAEBA5D77A9CFDF6ED8D /* Pods_iOS_No_To_Garbage.framework */ = {isa = PBXFileReference; explicitFileType = wrapper.framework; includeInIndex = 0; path = Pods_iOS_No_To_Garbage.framework; sourceTree = BUILT_PRODUCTS_DIR; };
/* End PBXFileReference section */

/* Begin PBXFrameworksBuildPhase section */
		84D8E4BA253CD00A00E0398A /* Frameworks */ = {
			isa = PBXFrameworksBuildPhase;
			buildActionMask = 2147483647;
			files = (
				841C9604257977C700ACF671 /* SwiftUICharts in Frameworks */,
				8406B60525782D5900E110AE /* SunburstDiagram in Frameworks */,
				E5921D452514D54D955831EA /* Pods_iOS_No_To_Garbage.framework in Frameworks */,
			);
			runOnlyForDeploymentPostprocessing = 0;
		};
/* End PBXFrameworksBuildPhase section */

/* Begin PBXGroup section */
		4360413829F89A6A4660552A /* Frameworks */ = {
			isa = PBXGroup;
			children = (
				A468EAEBA5D77A9CFDF6ED8D /* Pods_iOS_No_To_Garbage.framework */,
			);
			name = Frameworks;
			sourceTree = "<group>";
		};
		840E3252256712CE002B2DBF /* GarbageUI */ = {
			isa = PBXGroup;
			children = (
				84D8E4E2253CDAAA00E0398A /* GarbageDetail.swift */,
				84D8E4E5253CDC5900E0398A /* GarbageRow.swift */,
				84D8E4E8253CE9FD00E0398A /* GarbageList.swift */,
			);
			path = GarbageUI;
			sourceTree = "<group>";
		};
		840E3253256712E7002B2DBF /* CategoryUI */ = {
			isa = PBXGroup;
			children = (
				840E324F2567105B002B2DBF /* CategoryOther.swift */,
				84FCEBA32548B26100A6564B /* CategoryRow.swift */,
				840E3256256713CE002B2DBF /* AddGarbage.swift */,
				84FF81C8257828C900DE8A7C /* Statistics.swift */,
				8410ADCC25A1275000928AA8 /* AllGarbageMap.swift */,
			);
			path = CategoryUI;
			sourceTree = "<group>";
		};
		849117A52549D9DD0008F977 /* Auth */ = {
			isa = PBXGroup;
			children = (
				849117A62549D9F30008F977 /* SignIn.swift */,
				84CA150D255B29FC00E71E9F /* SignUp.swift */,
			);
			path = Auth;
			sourceTree = "<group>";
		};
		84D8E4B4253CD00A00E0398A = {
			isa = PBXGroup;
			children = (
				84D8E4BF253CD00A00E0398A /* iOS-No_To_Garbage */,
				84D8E4BE253CD00A00E0398A /* Products */,
				9EAB02E1E1F56A30BB558FC6 /* Pods */,
				4360413829F89A6A4660552A /* Frameworks */,
			);
			sourceTree = "<group>";
		};
		84D8E4BE253CD00A00E0398A /* Products */ = {
			isa = PBXGroup;
			children = (
				84D8E4BD253CD00A00E0398A /* iOS-No_To_Garbage.app */,
			);
			name = Products;
			sourceTree = "<group>";
		};
		84D8E4BF253CD00A00E0398A /* iOS-No_To_Garbage */ = {
			isa = PBXGroup;
			children = (
				840E3253256712E7002B2DBF /* CategoryUI */,
				840E3252256712CE002B2DBF /* GarbageUI */,
				849117A52549D9DD0008F977 /* Auth */,
				84FCEBA92548BED700A6564B /* Profile */,
				84F8554D253DDE290037E5D0 /* GoogleService-Info.plist */,
				84F85545253DDAF90037E5D0 /* Backend */,
				84D8E4DA253CD45800E0398A /* Supporting Views */,
				84D8E4C0253CD00A00E0398A /* AppDelegate.swift */,
				84D8E4C2253CD00A00E0398A /* SceneDelegate.swift */,
				84D8E4C4253CD00A00E0398A /* ContentView.swift */,
				84D8E4C9253CD00B00E0398A /* Assets.xcassets */,
				84D8E4CE253CD00B00E0398A /* LaunchScreen.storyboard */,
				84D8E4D1253CD00B00E0398A /* Info.plist */,
				84D8E4C6253CD00A00E0398A /* iOS_No_To_Garbage.xcdatamodeld */,
				84D8E4CB253CD00B00E0398A /* Preview Content */,
				84FCEBA62548B80E00A6564B /* Home.swift */,
			);
			path = "iOS-No_To_Garbage";
			sourceTree = "<group>";
		};
		84D8E4CB253CD00B00E0398A /* Preview Content */ = {
			isa = PBXGroup;
			children = (
				84D8E4CC253CD00B00E0398A /* Preview Assets.xcassets */,
			);
			path = "Preview Content";
			sourceTree = "<group>";
		};
		84D8E4DA253CD45800E0398A /* Supporting Views */ = {
			isa = PBXGroup;
			children = (
				84D8E4DB253CD48B00E0398A /* MapView.swift */,
				84D8E4DF253CD79B00E0398A /* CircleImage.swift */,
			);
			path = "Supporting Views";
			sourceTree = "<group>";
		};
		84F85545253DDAF90037E5D0 /* Backend */ = {
			isa = PBXGroup;
			children = (
				84F85546253DDB1D0037E5D0 /* GetMapInfo.swift */,
				84F8554A253DDB2D0037E5D0 /* GetGarbageInfo.swift */,
				849117A22549D3680008F977 /* GetProfileInfo.swift */,
				84FDFB8B257429F5000B1F67 /* AddgarbageToBase.swift */,
				847A711B259286E7006E8AA7 /* getStatistics.swift */,
			);
			path = Backend;
			sourceTree = "<group>";
		};
		84FCEBA92548BED700A6564B /* Profile */ = {
			isa = PBXGroup;
			children = (
				84FCEBAF2548BEFD00A6564B /* ProfileHost.swift */,
			);
			path = Profile;
			sourceTree = "<group>";
		};
		9EAB02E1E1F56A30BB558FC6 /* Pods */ = {
			isa = PBXGroup;
			children = (
				0ADE1C54C043E2A894214567 /* Pods-iOS-No_To_Garbage.debug.xcconfig */,
				668BEED6F82631ACA65182CB /* Pods-iOS-No_To_Garbage.release.xcconfig */,
			);
			path = Pods;
			sourceTree = "<group>";
		};
/* End PBXGroup section */

/* Begin PBXNativeTarget section */
		84D8E4BC253CD00A00E0398A /* iOS-No_To_Garbage */ = {
			isa = PBXNativeTarget;
			buildConfigurationList = 84D8E4D4253CD00B00E0398A /* Build configuration list for PBXNativeTarget "iOS-No_To_Garbage" */;
			buildPhases = (
				4BC63ABB3DA7D8D36753B22C /* [CP] Check Pods Manifest.lock */,
				84D8E4B9253CD00A00E0398A /* Sources */,
				84D8E4BA253CD00A00E0398A /* Frameworks */,
				84D8E4BB253CD00A00E0398A /* Resources */,
				4A06FD21A4703B5568C18ABF /* [CP] Embed Pods Frameworks */,
			);
			buildRules = (
			);
			dependencies = (
			);
			name = "iOS-No_To_Garbage";
			packageProductDependencies = (
				8406B60425782D5900E110AE /* SunburstDiagram */,
				841C9603257977C700ACF671 /* SwiftUICharts */,
			);
			productName = "iOS-No_To_Garbage";
			productReference = 84D8E4BD253CD00A00E0398A /* iOS-No_To_Garbage.app */;
			productType = "com.apple.product-type.application";
		};
/* End PBXNativeTarget section */

/* Begin PBXProject section */
		84D8E4B5253CD00A00E0398A /* Project object */ = {
			isa = PBXProject;
			attributes = {
				LastSwiftUpdateCheck = 1220;
				LastUpgradeCheck = 1220;
				TargetAttributes = {
					84D8E4BC253CD00A00E0398A = {
						CreatedOnToolsVersion = 12.2;
					};
				};
			};
			buildConfigurationList = 84D8E4B8253CD00A00E0398A /* Build configuration list for PBXProject "iOS-No_To_Garbage" */;
			compatibilityVersion = "Xcode 9.3";
			developmentRegion = en;
			hasScannedForEncodings = 0;
			knownRegions = (
				en,
				Base,
			);
			mainGroup = 84D8E4B4253CD00A00E0398A;
			packageReferences = (
				8406B60325782D5900E110AE /* XCRemoteSwiftPackageReference "SwiftSunburstDiagram" */,
				841C9602257977C700ACF671 /* XCRemoteSwiftPackageReference "ChartView" */,
			);
			productRefGroup = 84D8E4BE253CD00A00E0398A /* Products */;
			projectDirPath = "";
			projectRoot = "";
			targets = (
				84D8E4BC253CD00A00E0398A /* iOS-No_To_Garbage */,
			);
		};
/* End PBXProject section */

/* Begin PBXResourcesBuildPhase section */
		84D8E4BB253CD00A00E0398A /* Resources */ = {
			isa = PBXResourcesBuildPhase;
			buildActionMask = 2147483647;
			files = (
				84D8E4D0253CD00B00E0398A /* LaunchScreen.storyboard in Resources */,
				84F8554E253DDE290037E5D0 /* GoogleService-Info.plist in Resources */,
				84D8E4CD253CD00B00E0398A /* Preview Assets.xcassets in Resources */,
				84D8E4CA253CD00B00E0398A /* Assets.xcassets in Resources */,
			);
			runOnlyForDeploymentPostprocessing = 0;
		};
/* End PBXResourcesBuildPhase section */

/* Begin PBXShellScriptBuildPhase section */
		4A06FD21A4703B5568C18ABF /* [CP] Embed Pods Frameworks */ = {
			isa = PBXShellScriptBuildPhase;
			buildActionMask = 2147483647;
			files = (
			);
			inputFileListPaths = (
				"${PODS_ROOT}/Target Support Files/Pods-iOS-No_To_Garbage/Pods-iOS-No_To_Garbage-frameworks-${CONFIGURATION}-input-files.xcfilelist",
			);
			name = "[CP] Embed Pods Frameworks";
			outputFileListPaths = (
				"${PODS_ROOT}/Target Support Files/Pods-iOS-No_To_Garbage/Pods-iOS-No_To_Garbage-frameworks-${CONFIGURATION}-output-files.xcfilelist",
			);
			runOnlyForDeploymentPostprocessing = 0;
			shellPath = /bin/sh;
			shellScript = "\"${PODS_ROOT}/Target Support Files/Pods-iOS-No_To_Garbage/Pods-iOS-No_To_Garbage-frameworks.sh\"\n";
			showEnvVarsInLog = 0;
		};
		4BC63ABB3DA7D8D36753B22C /* [CP] Check Pods Manifest.lock */ = {
			isa = PBXShellScriptBuildPhase;
			buildActionMask = 2147483647;
			files = (
			);
			inputFileListPaths = (
			);
			inputPaths = (
				"${PODS_PODFILE_DIR_PATH}/Podfile.lock",
				"${PODS_ROOT}/Manifest.lock",
			);
			name = "[CP] Check Pods Manifest.lock";
			outputFileListPaths = (
			);
			outputPaths = (
				"$(DERIVED_FILE_DIR)/Pods-iOS-No_To_Garbage-checkManifestLockResult.txt",
			);
			runOnlyForDeploymentPostprocessing = 0;
			shellPath = /bin/sh;
			shellScript = "diff \"${PODS_PODFILE_DIR_PATH}/Podfile.lock\" \"${PODS_ROOT}/Manifest.lock\" > /dev/null\nif [ $? != 0 ] ; then\n    # print error to STDERR\n    echo \"error: The sandbox is not in sync with the Podfile.lock. Run 'pod install' or update your CocoaPods installation.\" >&2\n    exit 1\nfi\n# This output is used by Xcode 'outputs' to avoid re-running this script phase.\necho \"SUCCESS\" > \"${SCRIPT_OUTPUT_FILE_0}\"\n";
			showEnvVarsInLog = 0;
		};
/* End PBXShellScriptBuildPhase section */

/* Begin PBXSourcesBuildPhase section */
		84D8E4B9253CD00A00E0398A /* Sources */ = {
			isa = PBXSourcesBuildPhase;
			buildActionMask = 2147483647;
			files = (
				840E3257256713CE002B2DBF /* AddGarbage.swift in Sources */,
				847A711C259286E7006E8AA7 /* getStatistics.swift in Sources */,
				84D8E4C1253CD00A00E0398A /* AppDelegate.swift in Sources */,
				84D8E4C3253CD00A00E0398A /* SceneDelegate.swift in Sources */,
				84D8E4DC253CD48B00E0398A /* MapView.swift in Sources */,
				84D8E4C5253CD00A00E0398A /* ContentView.swift in Sources */,
				84D8E4E6253CDC5900E0398A /* GarbageRow.swift in Sources */,
				84D8E4E3253CDAAA00E0398A /* GarbageDetail.swift in Sources */,
				84FF81C9257828C900DE8A7C /* Statistics.swift in Sources */,
				84FCEBA72548B80E00A6564B /* Home.swift in Sources */,
				84F8554B253DDB2D0037E5D0 /* GetGarbageInfo.swift in Sources */,
				840E32502567105B002B2DBF /* CategoryOther.swift in Sources */,
				849117A32549D3680008F977 /* GetProfileInfo.swift in Sources */,
				84D8E4C8253CD00A00E0398A /* iOS_No_To_Garbage.xcdatamodeld in Sources */,
				84FCEBB02548BEFD00A6564B /* ProfileHost.swift in Sources */,
				84D8E4E9253CE9FD00E0398A /* GarbageList.swift in Sources */,
				8410ADCD25A1275000928AA8 /* AllGarbageMap.swift in Sources */,
				84D8E4E0253CD79B00E0398A /* CircleImage.swift in Sources */,
				84FCEBA42548B26100A6564B /* CategoryRow.swift in Sources */,
				84F85547253DDB1D0037E5D0 /* GetMapInfo.swift in Sources */,
				84FDFB8C257429F5000B1F67 /* AddgarbageToBase.swift in Sources */,
				849117A72549D9F30008F977 /* SignIn.swift in Sources */,
				84CA150E255B29FC00E71E9F /* SignUp.swift in Sources */,
			);
			runOnlyForDeploymentPostprocessing = 0;
		};
/* End PBXSourcesBuildPhase section */

/* Begin PBXVariantGroup section */
		84D8E4CE253CD00B00E0398A /* LaunchScreen.storyboard */ = {
			isa = PBXVariantGroup;
			children = (
				84D8E4CF253CD00B00E0398A /* Base */,
			);
			name = LaunchScreen.storyboard;
			sourceTree = "<group>";
		};
/* End PBXVariantGroup section */

/* Begin XCBuildConfiguration section */
		84D8E4D2253CD00B00E0398A /* Debug */ = {
			isa = XCBuildConfiguration;
			buildSettings = {
				ALWAYS_SEARCH_USER_PATHS = NO;
				CLANG_ANALYZER_NONNULL = YES;
				CLANG_ANALYZER_NUMBER_OBJECT_CONVERSION = YES_AGGRESSIVE;
				CLANG_CXX_LANGUAGE_STANDARD = "gnu++14";
				CLANG_CXX_LIBRARY = "libc++";
				CLANG_ENABLE_MODULES = YES;
				CLANG_ENABLE_OBJC_ARC = YES;
				CLANG_ENABLE_OBJC_WEAK = YES;
				CLANG_WARN_BLOCK_CAPTURE_AUTORELEASING = YES;
				CLANG_WARN_BOOL_CONVERSION = YES;
				CLANG_WARN_COMMA = YES;
				CLANG_WARN_CONSTANT_CONVERSION = YES;
				CLANG_WARN_DEPRECATED_OBJC_IMPLEMENTATIONS = YES;
				CLANG_WARN_DIRECT_OBJC_ISA_USAGE = YES_ERROR;
				CLANG_WARN_DOCUMENTATION_COMMENTS = YES;
				CLANG_WARN_EMPTY_BODY = YES;
				CLANG_WARN_ENUM_CONVERSION = YES;
				CLANG_WARN_INFINITE_RECURSION = YES;
				CLANG_WARN_INT_CONVERSION = YES;
				CLANG_WARN_NON_LITERAL_NULL_CONVERSION = YES;
				CLANG_WARN_OBJC_IMPLICIT_RETAIN_SELF = YES;
				CLANG_WARN_OBJC_LITERAL_CONVERSION = YES;
				CLANG_WARN_OBJC_ROOT_CLASS = YES_ERROR;
				CLANG_WARN_QUOTED_INCLUDE_IN_FRAMEWORK_HEADER = YES;
				CLANG_WARN_RANGE_LOOP_ANALYSIS = YES;
				CLANG_WARN_STRICT_PROTOTYPES = YES;
				CLANG_WARN_SUSPICIOUS_MOVE = YES;
				CLANG_WARN_UNGUARDED_AVAILABILITY = YES_AGGRESSIVE;
				CLANG_WARN_UNREACHABLE_CODE = YES;
				CLANG_WARN__DUPLICATE_METHOD_MATCH = YES;
				COPY_PHASE_STRIP = NO;
				DEBUG_INFORMATION_FORMAT = dwarf;
				ENABLE_STRICT_OBJC_MSGSEND = YES;
				ENABLE_TESTABILITY = YES;
				GCC_C_LANGUAGE_STANDARD = gnu11;
				GCC_DYNAMIC_NO_PIC = NO;
				GCC_NO_COMMON_BLOCKS = YES;
				GCC_OPTIMIZATION_LEVEL = 0;
				GCC_PREPROCESSOR_DEFINITIONS = (
					"DEBUG=1",
					"$(inherited)",
				);
				GCC_WARN_64_TO_32_BIT_CONVERSION = YES;
				GCC_WARN_ABOUT_RETURN_TYPE = YES_ERROR;
				GCC_WARN_UNDECLARED_SELECTOR = YES;
				GCC_WARN_UNINITIALIZED_AUTOS = YES_AGGRESSIVE;
				GCC_WARN_UNUSED_FUNCTION = YES;
				GCC_WARN_UNUSED_VARIABLE = YES;
				IPHONEOS_DEPLOYMENT_TARGET = 14.2;
				MTL_ENABLE_DEBUG_INFO = INCLUDE_SOURCE;
				MTL_FAST_MATH = YES;
				ONLY_ACTIVE_ARCH = YES;
				SDKROOT = iphoneos;
				SWIFT_ACTIVE_COMPILATION_CONDITIONS = DEBUG;
				SWIFT_OPTIMIZATION_LEVEL = "-Onone";
			};
			name = Debug;
		};
		84D8E4D3253CD00B00E0398A /* Release */ = {
			isa = XCBuildConfiguration;
			buildSettings = {
				ALWAYS_SEARCH_USER_PATHS = NO;
				CLANG_ANALYZER_NONNULL = YES;
				CLANG_ANALYZER_NUMBER_OBJECT_CONVERSION = YES_AGGRESSIVE;
				CLANG_CXX_LANGUAGE_STANDARD = "gnu++14";
				CLANG_CXX_LIBRARY = "libc++";
				CLANG_ENABLE_MODULES = YES;
				CLANG_ENABLE_OBJC_ARC = YES;
				CLANG_ENABLE_OBJC_WEAK = YES;
				CLANG_WARN_BLOCK_CAPTURE_AUTORELEASING = YES;
				CLANG_WARN_BOOL_CONVERSION = YES;
				CLANG_WARN_COMMA = YES;
				CLANG_WARN_CONSTANT_CONVERSION = YES;
				CLANG_WARN_DEPRECATED_OBJC_IMPLEMENTATIONS = YES;
				CLANG_WARN_DIRECT_OBJC_ISA_USAGE = YES_ERROR;
				CLANG_WARN_DOCUMENTATION_COMMENTS = YES;
				CLANG_WARN_EMPTY_BODY = YES;
				CLANG_WARN_ENUM_CONVERSION = YES;
				CLANG_WARN_INFINITE_RECURSION = YES;
				CLANG_WARN_INT_CONVERSION = YES;
				CLANG_WARN_NON_LITERAL_NULL_CONVERSION = YES;
				CLANG_WARN_OBJC_IMPLICIT_RETAIN_SELF = YES;
				CLANG_WARN_OBJC_LITERAL_CONVERSION = YES;
				CLANG_WARN_OBJC_ROOT_CLASS = YES_ERROR;
				CLANG_WARN_QUOTED_INCLUDE_IN_FRAMEWORK_HEADER = YES;
				CLANG_WARN_RANGE_LOOP_ANALYSIS = YES;
				CLANG_WARN_STRICT_PROTOTYPES = YES;
				CLANG_WARN_SUSPICIOUS_MOVE = YES;
				CLANG_WARN_UNGUARDED_AVAILABILITY = YES_AGGRESSIVE;
				CLANG_WARN_UNREACHABLE_CODE = YES;
				CLANG_WARN__DUPLICATE_METHOD_MATCH = YES;
				COPY_PHASE_STRIP = NO;
				DEBUG_INFORMATION_FORMAT = "dwarf-with-dsym";
				ENABLE_NS_ASSERTIONS = NO;
				ENABLE_STRICT_OBJC_MSGSEND = YES;
				GCC_C_LANGUAGE_STANDARD = gnu11;
				GCC_NO_COMMON_BLOCKS = YES;
				GCC_WARN_64_TO_32_BIT_CONVERSION = YES;
				GCC_WARN_ABOUT_RETURN_TYPE = YES_ERROR;
				GCC_WARN_UNDECLARED_SELECTOR = YES;
				GCC_WARN_UNINITIALIZED_AUTOS = YES_AGGRESSIVE;
				GCC_WARN_UNUSED_FUNCTION = YES;
				GCC_WARN_UNUSED_VARIABLE = YES;
				IPHONEOS_DEPLOYMENT_TARGET = 14.2;
				MTL_ENABLE_DEBUG_INFO = NO;
				MTL_FAST_MATH = YES;
				SDKROOT = iphoneos;
				SWIFT_COMPILATION_MODE = wholemodule;
				SWIFT_OPTIMIZATION_LEVEL = "-O";
				VALIDATE_PRODUCT = YES;
			};
			name = Release;
		};
		84D8E4D5253CD00B00E0398A /* Debug */ = {
			isa = XCBuildConfiguration;
			baseConfigurationReference = 0ADE1C54C043E2A894214567 /* Pods-iOS-No_To_Garbage.debug.xcconfig */;
			buildSettings = {
				ASSETCATALOG_COMPILER_APPICON_NAME = AppIcon;
				ASSETCATALOG_COMPILER_GLOBAL_ACCENT_COLOR_NAME = AccentColor;
				CODE_SIGN_STYLE = Automatic;
				DEVELOPMENT_ASSET_PATHS = "\"iOS-No_To_Garbage/Preview Content\"";
				DEVELOPMENT_TEAM = 9Y79MR5277;
				ENABLE_PREVIEWS = YES;
				INFOPLIST_FILE = "iOS-No_To_Garbage/Info.plist";
				IPHONEOS_DEPLOYMENT_TARGET = 14.0;
				LD_RUNPATH_SEARCH_PATHS = (
					"$(inherited)",
					"@executable_path/Frameworks",
				);
				PRODUCT_BUNDLE_IDENTIFIER = "spiridonov.IOS-No-To-Garbag";
				PRODUCT_NAME = "$(TARGET_NAME)";
				SWIFT_VERSION = 5.0;
				TARGETED_DEVICE_FAMILY = "1,2";
			};
			name = Debug;
		};
		84D8E4D6253CD00B00E0398A /* Release */ = {
			isa = XCBuildConfiguration;
			baseConfigurationReference = 668BEED6F82631ACA65182CB /* Pods-iOS-No_To_Garbage.release.xcconfig */;
			buildSettings = {
				ASSETCATALOG_COMPILER_APPICON_NAME = AppIcon;
				ASSETCATALOG_COMPILER_GLOBAL_ACCENT_COLOR_NAME = AccentColor;
				CODE_SIGN_STYLE = Automatic;
				DEVELOPMENT_ASSET_PATHS = "\"iOS-No_To_Garbage/Preview Content\"";
				DEVELOPMENT_TEAM = 9Y79MR5277;
				ENABLE_PREVIEWS = YES;
				INFOPLIST_FILE = "iOS-No_To_Garbage/Info.plist";
				IPHONEOS_DEPLOYMENT_TARGET = 14.0;
				LD_RUNPATH_SEARCH_PATHS = (
					"$(inherited)",
					"@executable_path/Frameworks",
				);
				PRODUCT_BUNDLE_IDENTIFIER = "spiridonov.IOS-No-To-Garbag";
				PRODUCT_NAME = "$(TARGET_NAME)";
				SWIFT_VERSION = 5.0;
				TARGETED_DEVICE_FAMILY = "1,2";
			};
			name = Release;
		};
/* End XCBuildConfiguration section */

/* Begin XCConfigurationList section */
		84D8E4B8253CD00A00E0398A /* Build configuration list for PBXProject "iOS-No_To_Garbage" */ = {
			isa = XCConfigurationList;
			buildConfigurations = (
				84D8E4D2253CD00B00E0398A /* Debug */,
				84D8E4D3253CD00B00E0398A /* Release */,
			);
			defaultConfigurationIsVisible = 0;
			defaultConfigurationName = Release;
		};
		84D8E4D4253CD00B00E0398A /* Build configuration list for PBXNativeTarget "iOS-No_To_Garbage" */ = {
			isa = XCConfigurationList;
			buildConfigurations = (
				84D8E4D5253CD00B00E0398A /* Debug */,
				84D8E4D6253CD00B00E0398A /* Release */,
			);
			defaultConfigurationIsVisible = 0;
			defaultConfigurationName = Release;
		};
/* End XCConfigurationList section */

/* Begin XCRemoteSwiftPackageReference section */
		8406B60325782D5900E110AE /* XCRemoteSwiftPackageReference "SwiftSunburstDiagram" */ = {
			isa = XCRemoteSwiftPackageReference;
			repositoryURL = "https://github.com/lludo/SwiftSunburstDiagram.git";
			requirement = {
				kind = upToNextMajorVersion;
				minimumVersion = 1.1.0;
			};
		};
		841C9602257977C700ACF671 /* XCRemoteSwiftPackageReference "ChartView" */ = {
			isa = XCRemoteSwiftPackageReference;
			repositoryURL = "https://github.com/AppPear/ChartView";
			requirement = {
				kind = upToNextMajorVersion;
				minimumVersion = 1.5.4;
			};
		};
/* End XCRemoteSwiftPackageReference section */

/* Begin XCSwiftPackageProductDependency section */
		8406B60425782D5900E110AE /* SunburstDiagram */ = {
			isa = XCSwiftPackageProductDependency;
			package = 8406B60325782D5900E110AE /* XCRemoteSwiftPackageReference "SwiftSunburstDiagram" */;
			productName = SunburstDiagram;
		};
		841C9603257977C700ACF671 /* SwiftUICharts */ = {
			isa = XCSwiftPackageProductDependency;
			package = 841C9602257977C700ACF671 /* XCRemoteSwiftPackageReference "ChartView" */;
			productName = SwiftUICharts;
		};
/* End XCSwiftPackageProductDependency section */

/* Begin XCVersionGroup section */
		84D8E4C6253CD00A00E0398A /* iOS_No_To_Garbage.xcdatamodeld */ = {
			isa = XCVersionGroup;
			children = (
				84D8E4C7253CD00A00E0398A /* iOS_No_To_Garbage.xcdatamodel */,
			);
			currentVersion = 84D8E4C7253CD00A00E0398A /* iOS_No_To_Garbage.xcdatamodel */;
			path = iOS_No_To_Garbage.xcdatamodeld;
			sourceTree = "<group>";
			versionGroupType = wrapper.xcdatamodel;
		};
/* End XCVersionGroup section */
	};
	rootObject = 84D8E4B5253CD00A00E0398A /* Project object */;
}
